
Microsoft Visual Studio Solution File, Format Version 12.00
# Visual Studio Version 17
VisualStudioVersion = 17.11.35327.3
MinimumVisualStudioVersion = 10.0.40219.1
Project("{FAE04EC0-301F-11D3-BF4B-00C04F79EFBC}") = "ANTLR-poj2", "ANTLR-poj2\ANTLR-poj2.csproj", "{BAE1BDAD-19F5-4AAC-9276-88FB718E9158}"
EndProject
Global
	GlobalSection(SolutionConfigurationPlatforms) = preSolution
		Debug|Any CPU = Debug|Any CPU
		Release|Any CPU = Release|Any CPU
	EndGlobalSection
	GlobalSection(ProjectConfigurationPlatforms) = postSolution
		{BAE1BDAD-19F5-4AAC-9276-88FB718E9158}.Debug|Any CPU.ActiveCfg = Debug|Any CPU
		{BAE1BDAD-19F5-4AAC-9276-88FB718E9158}.Debug|Any CPU.Build.0 = Debug|Any CPU
		{BAE1BDAD-19F5-4AAC-9276-88FB718E9158}.Release|Any CPU.ActiveCfg = Release|Any CPU
		{BAE1BDAD-19F5-4AAC-9276-88FB718E9158}.Release|Any CPU.Build.0 = Release|Any CPU
	EndGlobalSection
	GlobalSection(SolutionProperties) = preSolution
		HideSolutionNode = FALSE
	EndGlobalSection
	GlobalSection(ExtensibilityGlobals) = postSolution
		SolutionGuid = {13E83455-6692-4D3A-A4EB-4302945E5287}
	EndGlobalSection
EndGlobal
